# This file is generated by running "yarn install" inside your project.
# Manual changes might be lost - proceed with caution!

__metadata:
  version: 6
  cacheKey: 8

"@solidity-parser/parser@npm:^0.14.1":
  version: 0.14.5
  resolution: "@solidity-parser/parser@npm:0.14.5"
  dependencies:
    antlr4ts: ^0.5.0-alpha.4
  checksum: 9e85a0d4f8a05a11db6022444b70b2f353e2358467b1cce44cdda703ae1e3c7337e1b8cbc2eec8e14a8f34f9c60b42f325e5fe9b3c934cc980e35091e292d7ee
  languageName: node
  linkType: hard

"@types/node@npm:^20.4.8":
  version: 20.4.8
  resolution: "@types/node@npm:20.4.8"
  checksum: 86a3963c0c7af3410553d1dfa4b018a20b3cb3ab4d8e8ffe27408b6338c5de0374b0bf379bc705da2205b466daa751ccfe062f453ba9bde34fdb0e5163ca6a68
  languageName: node
  linkType: hard

"ansi-regex@npm:^2.0.0":
  version: 2.1.1
  resolution: "ansi-regex@npm:2.1.1"
  checksum: 190abd03e4ff86794f338a31795d262c1dfe8c91f7e01d04f13f646f1dcb16c5800818f886047876f1272f065570ab86b24b99089f8b68a0e11ff19aed4ca8f1
  languageName: node
  linkType: hard

"ansi-regex@npm:^3.0.0":
  version: 3.0.1
  resolution: "ansi-regex@npm:3.0.1"
  checksum: 09daf180c5f59af9850c7ac1bd7fda85ba596cc8cbeb210826e90755f06c818af86d9fa1e6e8322fab2c3b9e9b03f56c537b42241139f824dd75066a1e7257cc
  languageName: node
  linkType: hard

"antlr4ts@npm:^0.5.0-alpha.4":
  version: 0.5.0-dev
  resolution: "antlr4ts@npm:0.5.0-dev"
  dependencies:
    source-map-support: ^0.5.16
  checksum: 640dae2229124372b0329315e9614ae983bb80b1af237d8c0b3e90a2d85fb534e851c51d65d1897c92b36d27851d041ad8d95aab44af19cf7355b3ad11a3ddbf
  languageName: node
  linkType: hard

"buffer-from@npm:^1.0.0":
  version: 1.1.2
  resolution: "buffer-from@npm:1.1.2"
  checksum: 0448524a562b37d4d7ed9efd91685a5b77a50672c556ea254ac9a6d30e3403a517d8981f10e565db24e8339413b43c97ca2951f10e399c6125a0d8911f5679bb
  languageName: node
  linkType: hard

"c3-linearization@npm:^0.3.0":
  version: 0.3.0
  resolution: "c3-linearization@npm:0.3.0"
  checksum: f7fb3df9fe35e738996395f41746c9b99ad4d3df98ab66ab224838bb62e0225811c6e95c5098fc979529902050b94851166a820e9d8d8a97ce45d473bce930fb
  languageName: node
  linkType: hard

"camelcase@npm:^4.1.0":
  version: 4.1.0
  resolution: "camelcase@npm:4.1.0"
  checksum: 9683356daf9b64fae4b30c91f8ceb1f34f22746e03d1804efdbe738357d38b47f206cdd71efcf2ed72018b2e88eeb8ec3f79adb09c02f1253a4b6d5d405ff2ae
  languageName: node
  linkType: hard

"cliui@npm:^4.0.0":
  version: 4.1.0
  resolution: "cliui@npm:4.1.0"
  dependencies:
    string-width: ^2.1.1
    strip-ansi: ^4.0.0
    wrap-ansi: ^2.0.0
  checksum: 0f8a77e55c66ab4400f8cc24a46e496af186ebfbf301709341a24c26d398200c2ccc5cac892566d586c3c393a079974f34f0ce05210df336f97b70805c02865e
  languageName: node
  linkType: hard

"code-point-at@npm:^1.0.0":
  version: 1.1.0
  resolution: "code-point-at@npm:1.1.0"
  checksum: 17d5666611f9b16d64fdf48176d9b7fb1c7d1c1607a189f7e600040a11a6616982876af148230336adb7d8fe728a559f743a4e29db3747e3b1a32fa7f4529681
  languageName: node
  linkType: hard

"colors@npm:^1.4.0":
  version: 1.4.0
  resolution: "colors@npm:1.4.0"
  checksum: 98aa2c2418ad87dedf25d781be69dc5fc5908e279d9d30c34d8b702e586a0474605b3a189511482b9d5ed0d20c867515d22749537f7bc546256c6014f3ebdcec
  languageName: node
  linkType: hard

"cross-spawn@npm:^6.0.0":
  version: 6.0.5
  resolution: "cross-spawn@npm:6.0.5"
  dependencies:
    nice-try: ^1.0.4
    path-key: ^2.0.1
    semver: ^5.5.0
    shebang-command: ^1.2.0
    which: ^1.2.9
  checksum: f893bb0d96cd3d5751d04e67145bdddf25f99449531a72e82dcbbd42796bbc8268c1076c6b3ea51d4d455839902804b94bc45dfb37ecbb32ea8e54a6741c3ab9
  languageName: node
  linkType: hard

"decamelize@npm:^1.1.1":
  version: 1.2.0
  resolution: "decamelize@npm:1.2.0"
  checksum: ad8c51a7e7e0720c70ec2eeb1163b66da03e7616d7b98c9ef43cce2416395e84c1e9548dd94f5f6ffecfee9f8b94251fc57121a8b021f2ff2469b2bae247b8aa
  languageName: node
  linkType: hard

"end-of-stream@npm:^1.1.0":
  version: 1.4.4
  resolution: "end-of-stream@npm:1.4.4"
  dependencies:
    once: ^1.4.0
  checksum: 530a5a5a1e517e962854a31693dbb5c0b2fc40b46dad2a56a2deec656ca040631124f4795823acc68238147805f8b021abbe221f4afed5ef3c8e8efc2024908b
  languageName: node
  linkType: hard

"execa@npm:^1.0.0":
  version: 1.0.0
  resolution: "execa@npm:1.0.0"
  dependencies:
    cross-spawn: ^6.0.0
    get-stream: ^4.0.0
    is-stream: ^1.1.0
    npm-run-path: ^2.0.0
    p-finally: ^1.0.0
    signal-exit: ^3.0.0
    strip-eof: ^1.0.0
  checksum: ddf1342c1c7d02dd93b41364cd847640f6163350d9439071abf70bf4ceb1b9b2b2e37f54babb1d8dc1df8e0d8def32d0e81e74a2e62c3e1d70c303eb4c306bc4
  languageName: node
  linkType: hard

"find-up@npm:^2.1.0":
  version: 2.1.0
  resolution: "find-up@npm:2.1.0"
  dependencies:
    locate-path: ^2.0.0
  checksum: 43284fe4da09f89011f08e3c32cd38401e786b19226ea440b75386c1b12a4cb738c94969808d53a84f564ede22f732c8409e3cfc3f7fb5b5c32378ad0bbf28bd
  languageName: node
  linkType: hard

"get-caller-file@npm:^1.0.1":
  version: 1.0.3
  resolution: "get-caller-file@npm:1.0.3"
  checksum: 2b90a7f848896abcebcdc0acc627a435bcf05b9cd280599bc980ebfcdc222416c3df12c24c4845f69adc4346728e8966f70b758f9369f3534182791dfbc25c05
  languageName: node
  linkType: hard

"get-stream@npm:^4.0.0":
  version: 4.1.0
  resolution: "get-stream@npm:4.1.0"
  dependencies:
    pump: ^3.0.0
  checksum: 443e1914170c15bd52ff8ea6eff6dfc6d712b031303e36302d2778e3de2506af9ee964d6124010f7818736dcfde05c04ba7ca6cc26883106e084357a17ae7d73
  languageName: node
  linkType: hard

"graphviz@npm:0.0.9":
  version: 0.0.9
  resolution: "graphviz@npm:0.0.9"
  dependencies:
    temp: ~0.4.0
  checksum: fb414f89763d568646f2d899f9a2baa19e1cdf1b97db831f64f2b3f7322609ca1e4e43bcb3d2e3bfc992b9e0f657803559d7a98e289d5aa6dc549d578939d599
  languageName: node
  linkType: hard

"invert-kv@npm:^2.0.0":
  version: 2.0.0
  resolution: "invert-kv@npm:2.0.0"
  checksum: 52ea317354101ad6127c6e4c1c6a2d27ae8d3010b6438b60d76d6a920e55410e03547f97f9d1f52031becf5656bbef91d36ee7daa9e26ebc374a9cb342e1f127
  languageName: node
  linkType: hard

"is-fullwidth-code-point@npm:^1.0.0":
  version: 1.0.0
  resolution: "is-fullwidth-code-point@npm:1.0.0"
  dependencies:
    number-is-nan: ^1.0.0
  checksum: 4d46a7465a66a8aebcc5340d3b63a56602133874af576a9ca42c6f0f4bd787a743605771c5f246db77da96605fefeffb65fc1dbe862dcc7328f4b4d03edf5a57
  languageName: node
  linkType: hard

"is-fullwidth-code-point@npm:^2.0.0":
  version: 2.0.0
  resolution: "is-fullwidth-code-point@npm:2.0.0"
  checksum: eef9c6e15f68085fec19ff6a978a6f1b8f48018fd1265035552078ee945573594933b09bbd6f562553e2a241561439f1ef5339276eba68d272001343084cfab8
  languageName: node
  linkType: hard

"is-stream@npm:^1.1.0":
  version: 1.1.0
  resolution: "is-stream@npm:1.1.0"
  checksum: 063c6bec9d5647aa6d42108d4c59723d2bd4ae42135a2d4db6eadbd49b7ea05b750fd69d279e5c7c45cf9da753ad2c00d8978be354d65aa9f6bb434969c6a2ae
  languageName: node
  linkType: hard

"isexe@npm:^2.0.0":
  version: 2.0.0
  resolution: "isexe@npm:2.0.0"
  checksum: 26bf6c5480dda5161c820c5b5c751ae1e766c587b1f951ea3fcfc973bafb7831ae5b54a31a69bd670220e42e99ec154475025a468eae58ea262f813fdc8d1c62
  languageName: node
  linkType: hard

"lcid@npm:^2.0.0":
  version: 2.0.0
  resolution: "lcid@npm:2.0.0"
  dependencies:
    invert-kv: ^2.0.0
  checksum: 278e27b5a0707cf9ab682146963ebff2328795be10cd6f8ea8edae293439325d345ac5e33079cce77ac3a86a3dcfb97a34f279dbc46b03f3e419aa39b5915a16
  languageName: node
  linkType: hard

"locate-path@npm:^2.0.0":
  version: 2.0.0
  resolution: "locate-path@npm:2.0.0"
  dependencies:
    p-locate: ^2.0.0
    path-exists: ^3.0.0
  checksum: 02d581edbbbb0fa292e28d96b7de36b5b62c2fa8b5a7e82638ebb33afa74284acf022d3b1e9ae10e3ffb7658fbc49163fcd5e76e7d1baaa7801c3e05a81da755
  languageName: node
  linkType: hard

"map-age-cleaner@npm:^0.1.1":
  version: 0.1.3
  resolution: "map-age-cleaner@npm:0.1.3"
  dependencies:
    p-defer: ^1.0.0
  checksum: cb2804a5bcb3cbdfe4b59066ea6d19f5e7c8c196cd55795ea4c28f792b192e4c442426ae52524e5e1acbccf393d3bddacefc3d41f803e66453f6c4eda3650bc1
  languageName: node
  linkType: hard

"mem@npm:^4.0.0":
  version: 4.3.0
  resolution: "mem@npm:4.3.0"
  dependencies:
    map-age-cleaner: ^0.1.1
    mimic-fn: ^2.0.0
    p-is-promise: ^2.0.0
  checksum: cf488608e5d59c6cb68004b70de317222d4be9f857fd535dfa6a108e04f40821479c080bc763c417b1030569d303538c59d441280078cfce07fefd1c523f98ef
  languageName: node
  linkType: hard

"mimic-fn@npm:^2.0.0":
  version: 2.1.0
  resolution: "mimic-fn@npm:2.1.0"
  checksum: d2421a3444848ce7f84bd49115ddacff29c15745db73f54041edc906c14b131a38d05298dae3081667627a59b2eb1ca4b436ff2e1b80f69679522410418b478a
  languageName: node
  linkType: hard

"nice-try@npm:^1.0.4":
  version: 1.0.5
  resolution: "nice-try@npm:1.0.5"
  checksum: 0b4af3b5bb5d86c289f7a026303d192a7eb4417231fe47245c460baeabae7277bcd8fd9c728fb6bd62c30b3e15cd6620373e2cf33353b095d8b403d3e8a15aff
  languageName: node
  linkType: hard

"npm-run-path@npm:^2.0.0":
  version: 2.0.2
  resolution: "npm-run-path@npm:2.0.2"
  dependencies:
    path-key: ^2.0.0
  checksum: acd5ad81648ba4588ba5a8effb1d98d2b339d31be16826a118d50f182a134ac523172101b82eab1d01cb4c2ba358e857d54cfafd8163a1ffe7bd52100b741125
  languageName: node
  linkType: hard

"number-is-nan@npm:^1.0.0":
  version: 1.0.1
  resolution: "number-is-nan@npm:1.0.1"
  checksum: 13656bc9aa771b96cef209ffca31c31a03b507ca6862ba7c3f638a283560620d723d52e626d57892c7fff475f4c36ac07f0600f14544692ff595abff214b9ffb
  languageName: node
  linkType: hard

"once@npm:^1.3.1, once@npm:^1.4.0":
  version: 1.4.0
  resolution: "once@npm:1.4.0"
  dependencies:
    wrappy: 1
  checksum: cd0a88501333edd640d95f0d2700fbde6bff20b3d4d9bdc521bdd31af0656b5706570d6c6afe532045a20bb8dc0849f8332d6f2a416e0ba6d3d3b98806c7db68
  languageName: node
  linkType: hard

"os-locale@npm:^3.1.0":
  version: 3.1.0
  resolution: "os-locale@npm:3.1.0"
  dependencies:
    execa: ^1.0.0
    lcid: ^2.0.0
    mem: ^4.0.0
  checksum: 53c542b11af3c5fe99624b09c7882b6944f9ae7c69edbc6006b7d42cff630b1f7fd9d63baf84ed31d1ef02b34823b6b31f23a1ecdd593757873d716bc6374099
  languageName: node
  linkType: hard

"p-defer@npm:^1.0.0":
  version: 1.0.0
  resolution: "p-defer@npm:1.0.0"
  checksum: 4271b935c27987e7b6f229e5de4cdd335d808465604644cb7b4c4c95bef266735859a93b16415af8a41fd663ee9e3b97a1a2023ca9def613dba1bad2a0da0c7b
  languageName: node
  linkType: hard

"p-finally@npm:^1.0.0":
  version: 1.0.0
  resolution: "p-finally@npm:1.0.0"
  checksum: 93a654c53dc805dd5b5891bab16eb0ea46db8f66c4bfd99336ae929323b1af2b70a8b0654f8f1eae924b2b73d037031366d645f1fd18b3d30cbd15950cc4b1d4
  languageName: node
  linkType: hard

"p-is-promise@npm:^2.0.0":
  version: 2.1.0
  resolution: "p-is-promise@npm:2.1.0"
  checksum: c9a8248c8b5e306475a5d55ce7808dbce4d4da2e3d69526e4991a391a7809bfd6cfdadd9bf04f1c96a3db366c93d9a0f5ee81d949e7b1684c4e0f61f747199ef
  languageName: node
  linkType: hard

"p-limit@npm:^1.1.0":
  version: 1.3.0
  resolution: "p-limit@npm:1.3.0"
  dependencies:
    p-try: ^1.0.0
  checksum: 281c1c0b8c82e1ac9f81acd72a2e35d402bf572e09721ce5520164e9de07d8274451378a3470707179ad13240535558f4b277f02405ad752e08c7d5b0d54fbfd
  languageName: node
  linkType: hard

"p-locate@npm:^2.0.0":
  version: 2.0.0
  resolution: "p-locate@npm:2.0.0"
  dependencies:
    p-limit: ^1.1.0
  checksum: e2dceb9b49b96d5513d90f715780f6f4972f46987dc32a0e18bc6c3fc74a1a5d73ec5f81b1398af5e58b99ea1ad03fd41e9181c01fa81b4af2833958696e3081
  languageName: node
  linkType: hard

"p-try@npm:^1.0.0":
  version: 1.0.0
  resolution: "p-try@npm:1.0.0"
  checksum: 3b5303f77eb7722144154288bfd96f799f8ff3e2b2b39330efe38db5dd359e4fb27012464cd85cb0a76e9b7edd1b443568cb3192c22e7cffc34989df0bafd605
  languageName: node
  linkType: hard

"path-exists@npm:^3.0.0":
  version: 3.0.0
  resolution: "path-exists@npm:3.0.0"
  checksum: 96e92643aa34b4b28d0de1cd2eba52a1c5313a90c6542d03f62750d82480e20bfa62bc865d5cfc6165f5fcd5aeb0851043c40a39be5989646f223300021bae0a
  languageName: node
  linkType: hard

"path-key@npm:^2.0.0, path-key@npm:^2.0.1":
  version: 2.0.1
  resolution: "path-key@npm:2.0.1"
  checksum: f7ab0ad42fe3fb8c7f11d0c4f849871e28fbd8e1add65c370e422512fc5887097b9cf34d09c1747d45c942a8c1e26468d6356e2df3f740bf177ab8ca7301ebfd
  languageName: node
  linkType: hard

"pump@npm:^3.0.0":
  version: 3.0.0
  resolution: "pump@npm:3.0.0"
  dependencies:
    end-of-stream: ^1.1.0
    once: ^1.3.1
  checksum: e42e9229fba14732593a718b04cb5e1cfef8254544870997e0ecd9732b189a48e1256e4e5478148ecb47c8511dca2b09eae56b4d0aad8009e6fac8072923cfc9
  languageName: node
  linkType: hard

"require-directory@npm:^2.1.1":
  version: 2.1.1
  resolution: "require-directory@npm:2.1.1"
  checksum: fb47e70bf0001fdeabdc0429d431863e9475e7e43ea5f94ad86503d918423c1543361cc5166d713eaa7029dd7a3d34775af04764bebff99ef413111a5af18c80
  languageName: node
  linkType: hard

"require-main-filename@npm:^1.0.1":
  version: 1.0.1
  resolution: "require-main-filename@npm:1.0.1"
  checksum: 1fef30754da961f4e13c450c3eb60c7ae898a529c6ad6fa708a70bd2eed01564ceb299187b2899f5562804d797a059f39a5789884d0ac7b7ae1defc68fba4abf
  languageName: node
  linkType: hard

"semver@npm:^5.5.0":
  version: 5.7.2
  resolution: "semver@npm:5.7.2"
  bin:
    semver: bin/semver
  checksum: fb4ab5e0dd1c22ce0c937ea390b4a822147a9c53dbd2a9a0132f12fe382902beef4fbf12cf51bb955248d8d15874ce8cd89532569756384f994309825f10b686
  languageName: node
  linkType: hard

"set-blocking@npm:^2.0.0":
  version: 2.0.0
  resolution: "set-blocking@npm:2.0.0"
  checksum: 6e65a05f7cf7ebdf8b7c75b101e18c0b7e3dff4940d480efed8aad3a36a4005140b660fa1d804cb8bce911cac290441dc728084a30504d3516ac2ff7ad607b02
  languageName: node
  linkType: hard

"sha1-file@npm:^1.0.4":
  version: 1.0.4
  resolution: "sha1-file@npm:1.0.4"
  checksum: d27cd0297c7be7bb08cb77e78a3825b9e5b6f4715b4679db47b42769f41f331ee4be3678cdf94502e2544199fe8ee619dfbc5481c4347f04eeaea4aa112f7a4e
  languageName: node
  linkType: hard

"shebang-command@npm:^1.2.0":
  version: 1.2.0
  resolution: "shebang-command@npm:1.2.0"
  dependencies:
    shebang-regex: ^1.0.0
  checksum: 9eed1750301e622961ba5d588af2212505e96770ec376a37ab678f965795e995ade7ed44910f5d3d3cb5e10165a1847f52d3348c64e146b8be922f7707958908
  languageName: node
  linkType: hard

"shebang-regex@npm:^1.0.0":
  version: 1.0.0
  resolution: "shebang-regex@npm:1.0.0"
  checksum: 404c5a752cd40f94591dfd9346da40a735a05139dac890ffc229afba610854d8799aaa52f87f7e0c94c5007f2c6af55bdcaeb584b56691926c5eaf41dc8f1372
  languageName: node
  linkType: hard

"signal-exit@npm:^3.0.0":
  version: 3.0.7
  resolution: "signal-exit@npm:3.0.7"
  checksum: a2f098f247adc367dffc27845853e9959b9e88b01cb301658cfe4194352d8d2bb32e18467c786a7fe15f1d44b233ea35633d076d5e737870b7139949d1ab6318
  languageName: node
  linkType: hard

"soleasy@workspace:.":
  version: 0.0.0-use.local
  resolution: "soleasy@workspace:."
  dependencies:
    "@types/node": ^20.4.8
    surya: ^0.4.6
    typescript: ^5.1.6
  languageName: unknown
  linkType: soft

"source-map-support@npm:^0.5.16":
  version: 0.5.21
  resolution: "source-map-support@npm:0.5.21"
  dependencies:
    buffer-from: ^1.0.0
    source-map: ^0.6.0
  checksum: 43e98d700d79af1d36f859bdb7318e601dfc918c7ba2e98456118ebc4c4872b327773e5a1df09b0524e9e5063bb18f0934538eace60cca2710d1fa687645d137
  languageName: node
  linkType: hard

"source-map@npm:^0.6.0":
  version: 0.6.1
  resolution: "source-map@npm:0.6.1"
  checksum: 59ce8640cf3f3124f64ac289012c2b8bd377c238e316fb323ea22fbfe83da07d81e000071d7242cad7a23cd91c7de98e4df8830ec3f133cb6133a5f6e9f67bc2
  languageName: node
  linkType: hard

"string-width@npm:^1.0.1":
  version: 1.0.2
  resolution: "string-width@npm:1.0.2"
  dependencies:
    code-point-at: ^1.0.0
    is-fullwidth-code-point: ^1.0.0
    strip-ansi: ^3.0.0
  checksum: 5c79439e95bc3bd7233a332c5f5926ab2ee90b23816ed4faa380ce3b2576d7800b0a5bb15ae88ed28737acc7ea06a518c2eef39142dd727adad0e45c776cd37e
  languageName: node
  linkType: hard

"string-width@npm:^2.0.0, string-width@npm:^2.1.1":
  version: 2.1.1
  resolution: "string-width@npm:2.1.1"
  dependencies:
    is-fullwidth-code-point: ^2.0.0
    strip-ansi: ^4.0.0
  checksum: d6173abe088c615c8dffaf3861dc5d5906ed3dc2d6fd67ff2bd2e2b5dce7fd683c5240699cf0b1b8aa679a3b3bd6b28b5053c824cb89b813d7f6541d8f89064a
  languageName: node
  linkType: hard

"strip-ansi@npm:^3.0.0, strip-ansi@npm:^3.0.1":
  version: 3.0.1
  resolution: "strip-ansi@npm:3.0.1"
  dependencies:
    ansi-regex: ^2.0.0
  checksum: 9b974de611ce5075c70629c00fa98c46144043db92ae17748fb780f706f7a789e9989fd10597b7c2053ae8d1513fd707816a91f1879b2f71e6ac0b6a863db465
  languageName: node
  linkType: hard

"strip-ansi@npm:^4.0.0":
  version: 4.0.0
  resolution: "strip-ansi@npm:4.0.0"
  dependencies:
    ansi-regex: ^3.0.0
  checksum: d9186e6c0cf78f25274f6750ee5e4a5725fb91b70fdd79aa5fe648eab092a0ec5b9621b22d69d4534a56319f75d8944efbd84e3afa8d4ad1b9a9491f12c84eca
  languageName: node
  linkType: hard

"strip-eof@npm:^1.0.0":
  version: 1.0.0
  resolution: "strip-eof@npm:1.0.0"
  checksum: 40bc8ddd7e072f8ba0c2d6d05267b4e0a4800898c3435b5fb5f5a21e6e47dfaff18467e7aa0d1844bb5d6274c3097246595841fbfeb317e541974ee992cac506
  languageName: node
  linkType: hard

"surya@npm:^0.4.6":
  version: 0.4.6
  resolution: "surya@npm:0.4.6"
  dependencies:
    "@solidity-parser/parser": ^0.14.1
    c3-linearization: ^0.3.0
    colors: ^1.4.0
    graphviz: 0.0.9
    sha1-file: ^1.0.4
    treeify: ^1.1.0
    yargs: ^11.1.1
  bin:
    surya: bin/surya
  checksum: a5fc6289f78a0b4c228a5e71bfb5c8ff5f455be16f85033556e76f2601829c0bde0167025347fdbc50e1b2c4aa831889283714dbfdc3e258c6aec34c32b5e810
  languageName: node
  linkType: hard

"temp@npm:~0.4.0":
  version: 0.4.0
  resolution: "temp@npm:0.4.0"
  checksum: 8b83f98833b7f6cd03a1f523d17f8b06fe687cbdfc5654ae41edacdf640e71f1057c3cf2534ac44e265834c1af6270d9a0b9baeee6b86ccb2ef379e43dbc0d0a
  languageName: node
  linkType: hard

"treeify@npm:^1.1.0":
  version: 1.1.0
  resolution: "treeify@npm:1.1.0"
  checksum: aa00dded220c1dd052573bd6fc2c52862f09870851a284f0d3650d72bf913ba9b4f6b824f4f1ab81899bae29375f4266b07fe47cbf82343a1efa13cc09ce87af
  languageName: node
  linkType: hard

"typescript@npm:^5.1.6":
  version: 5.1.6
  resolution: "typescript@npm:5.1.6"
  bin:
    tsc: bin/tsc
    tsserver: bin/tsserver
  checksum: b2f2c35096035fe1f5facd1e38922ccb8558996331405eb00a5111cc948b2e733163cc22fab5db46992aba7dd520fff637f2c1df4996ff0e134e77d3249a7350
  languageName: node
  linkType: hard

"typescript@patch:typescript@^5.1.6#~builtin<compat/typescript>":
  version: 5.1.6
  resolution: "typescript@patch:typescript@npm%3A5.1.6#~builtin<compat/typescript>::version=5.1.6&hash=d73830"
  bin:
    tsc: bin/tsc
    tsserver: bin/tsserver
  checksum: 21e88b0a0c0226f9cb9fd25b9626fb05b4c0f3fddac521844a13e1f30beb8f14e90bd409a9ac43c812c5946d714d6e0dee12d5d02dfc1c562c5aacfa1f49b606
  languageName: node
  linkType: hard

"which-module@npm:^2.0.0":
  version: 2.0.1
  resolution: "which-module@npm:2.0.1"
  checksum: 1967b7ce17a2485544a4fdd9063599f0f773959cca24176dbe8f405e55472d748b7c549cd7920ff6abb8f1ab7db0b0f1b36de1a21c57a8ff741f4f1e792c52be
  languageName: node
  linkType: hard

"which@npm:^1.2.9":
  version: 1.3.1
  resolution: "which@npm:1.3.1"
  dependencies:
    isexe: ^2.0.0
  bin:
    which: ./bin/which
  checksum: f2e185c6242244b8426c9df1510e86629192d93c1a986a7d2a591f2c24869e7ffd03d6dac07ca863b2e4c06f59a4cc9916c585b72ee9fa1aa609d0124df15e04
  languageName: node
  linkType: hard

"wrap-ansi@npm:^2.0.0":
  version: 2.1.0
  resolution: "wrap-ansi@npm:2.1.0"
  dependencies:
    string-width: ^1.0.1
    strip-ansi: ^3.0.1
  checksum: 2dacd4b3636f7a53ee13d4d0fe7fa2ed9ad81e9967e17231924ea88a286ec4619a78288de8d41881ee483f4449ab2c0287cde8154ba1bd0126c10271101b2ee3
  languageName: node
  linkType: hard

"wrappy@npm:1":
  version: 1.0.2
  resolution: "wrappy@npm:1.0.2"
  checksum: 159da4805f7e84a3d003d8841557196034155008f817172d4e986bd591f74aa82aa7db55929a54222309e01079a65a92a9e6414da5a6aa4b01ee44a511ac3ee5
  languageName: node
  linkType: hard

"y18n@npm:^3.2.1":
  version: 3.2.2
  resolution: "y18n@npm:3.2.2"
  checksum: 6154fd7544f8bbf5b18cdf77692ed88d389be49c87238ecb4e0d6a5276446cd2a5c29cc4bdbdddfc7e4e498b08df9d7e38df4a1453cf75eecfead392246ea74a
  languageName: node
  linkType: hard

"yargs-parser@npm:^9.0.2":
  version: 9.0.2
  resolution: "yargs-parser@npm:9.0.2"
  dependencies:
    camelcase: ^4.1.0
  checksum: 59276dc17b3f842b7b531ea380a915f3c6d32d314d58de02408f6b2b1657cab0c50d9ad2d422491396cf59c0b0c3ba9d5d9fa1077a61c441ae79a5cd79eef3c2
  languageName: node
  linkType: hard

"yargs@npm:^11.1.1":
  version: 11.1.1
  resolution: "yargs@npm:11.1.1"
  dependencies:
    cliui: ^4.0.0
    decamelize: ^1.1.1
    find-up: ^2.1.0
    get-caller-file: ^1.0.1
    os-locale: ^3.1.0
    require-directory: ^2.1.1
    require-main-filename: ^1.0.1
    set-blocking: ^2.0.0
    string-width: ^2.0.0
    which-module: ^2.0.0
    y18n: ^3.2.1
    yargs-parser: ^9.0.2
  checksum: 19cee86190e309f854eed176c668d453291568ebb37d8a466507ac41e6d93867e7e4fd881db869f50673615b28f881a87de3e0b6190e06ecf6d925f41f433962
  languageName: node
  linkType: hard
